// !$*UTF8*$!
{
	archiveVersion = 1;
	classes = {
	};
	objectVersion = 46;
	objects = {

/* Begin PBXBuildFile section */
		F3AA00351A41D1A8008DFCC1 /* CommandLine.swift in Sources */ = {isa = PBXBuildFile; fileRef = F3AA00321A41D1A8008DFCC1 /* CommandLine.swift */; };
		F3AA00361A41D1A8008DFCC1 /* Option.swift in Sources */ = {isa = PBXBuildFile; fileRef = F3AA00331A41D1A8008DFCC1 /* Option.swift */; };
		F3AA00371A41D1A8008DFCC1 /* StringExtensions.swift in Sources */ = {isa = PBXBuildFile; fileRef = F3AA00341A41D1A8008DFCC1 /* StringExtensions.swift */; };
		F3AA00381A41D1E6008DFCC1 /* PathKit.swift in Sources */ = {isa = PBXBuildFile; fileRef = F312AC1B1A3E5435003A6BA3 /* PathKit.swift */; };
		F3DEFCE11A3E4EFD00762584 /* main.swift in Sources */ = {isa = PBXBuildFile; fileRef = F3DEFCE01A3E4EFD00762584 /* main.swift */; };
/* End PBXBuildFile section */

/* Begin PBXCopyFilesBuildPhase section */
		F3DEFCDB1A3E4EFD00762584 /* Copy Files */ = {
			isa = PBXCopyFilesBuildPhase;
			buildActionMask = 2147483647;
			dstPath = /usr/share/man/man1/;
			dstSubfolderSpec = 0;
			files = (
			);
			name = "Copy Files";
			runOnlyForDeploymentPostprocessing = 1;
		};
/* End PBXCopyFilesBuildPhase section */

/* Begin PBXFileReference section */
		F312AC1B1A3E5435003A6BA3 /* PathKit.swift */ = {isa = PBXFileReference; fileEncoding = 4; lastKnownFileType = sourcecode.swift; name = PathKit.swift; path = ../PathKit.swift; sourceTree = "<group>"; };
		F3AA00321A41D1A8008DFCC1 /* CommandLine.swift */ = {isa = PBXFileReference; fileEncoding = 4; lastKnownFileType = sourcecode.swift; path = CommandLine.swift; sourceTree = "<group>"; };
		F3AA00331A41D1A8008DFCC1 /* Option.swift */ = {isa = PBXFileReference; fileEncoding = 4; lastKnownFileType = sourcecode.swift; path = Option.swift; sourceTree = "<group>"; };
		F3AA00341A41D1A8008DFCC1 /* StringExtensions.swift */ = {isa = PBXFileReference; fileEncoding = 4; lastKnownFileType = sourcecode.swift; path = StringExtensions.swift; sourceTree = "<group>"; };
		F3DEFCDD1A3E4EFD00762584 /* test-cli */ = {isa = PBXFileReference; explicitFileType = "compiled.mach-o.executable"; includeInIndex = 0; path = "test-cli"; sourceTree = BUILT_PRODUCTS_DIR; };
		F3DEFCE01A3E4EFD00762584 /* main.swift */ = {isa = PBXFileReference; lastKnownFileType = sourcecode.swift; path = main.swift; sourceTree = "<group>"; };
/* End PBXFileReference section */

/* Begin PBXFrameworksBuildPhase section */
		F3DEFCDA1A3E4EFD00762584 /* Frameworks */ = {
			isa = PBXFrameworksBuildPhase;
			buildActionMask = 2147483647;
			files = (
			);
			runOnlyForDeploymentPostprocessing = 0;
		};
/* End PBXFrameworksBuildPhase section */

/* Begin PBXGroup section */
		F3DEFCD41A3E4EFD00762584 = {
			isa = PBXGroup;
			children = (
				F3DEFCDF1A3E4EFD00762584 /* test cli */,
				F3DEFCDE1A3E4EFD00762584 /* Products */,
			);
			sourceTree = "<group>";
		};
		F3DEFCDE1A3E4EFD00762584 /* Products */ = {
			isa = PBXGroup;
			children = (
				F3DEFCDD1A3E4EFD00762584 /* test-cli */,
			);
			name = Products;
			sourceTree = "<group>";
		};
		F3DEFCDF1A3E4EFD00762584 /* test cli */ = {
			isa = PBXGroup;
			children = (
				F312AC1B1A3E5435003A6BA3 /* PathKit.swift */,
				F3DEFCE01A3E4EFD00762584 /* main.swift */,
				F3AA00321A41D1A8008DFCC1 /* CommandLine.swift */,
				F3AA00331A41D1A8008DFCC1 /* Option.swift */,
				F3AA00341A41D1A8008DFCC1 /* StringExtensions.swift */,
			);
			path = "test cli";
			sourceTree = "<group>";
		};
/* End PBXGroup section */

/* Begin PBXNativeTarget section */
		F3DEFCDC1A3E4EFD00762584 /* test cli */ = {
			isa = PBXNativeTarget;
			buildConfigurationList = F3DEFCE41A3E4EFD00762584 /* Build configuration list for PBXNativeTarget "test cli" */;
			buildPhases = (
				F3DEFCD91A3E4EFD00762584 /* Sources */,
				F3DEFCDA1A3E4EFD00762584 /* Frameworks */,
				F3DEFCDB1A3E4EFD00762584 /* Copy Files */,
			);
			buildRules = (
			);
			dependencies = (
			);
			name = "test cli";
			productName = "test cli";
			productReference = F3DEFCDD1A3E4EFD00762584 /* test-cli */;
			productType = "com.apple.product-type.tool";
		};
/* End PBXNativeTarget section */

/* Begin PBXProject section */
		F3DEFCD51A3E4EFD00762584 /* Project object */ = {
			isa = PBXProject;
			attributes = {
				LastUpgradeCheck = 0610;
				ORGANIZATIONNAME = "Mattia Gheda";
				TargetAttributes = {
					F3DEFCDC1A3E4EFD00762584 = {
						CreatedOnToolsVersion = 6.1.1;
					};
				};
			};
			buildConfigurationList = F3DEFCD81A3E4EFD00762584 /* Build configuration list for PBXProject "test cli" */;
			compatibilityVersion = "Xcode 3.2";
			developmentRegion = English;
			hasScannedForEncodings = 0;
			knownRegions = (
				en,
			);
			mainGroup = F3DEFCD41A3E4EFD00762584;
			productRefGroup = F3DEFCDE1A3E4EFD00762584 /* Products */;
			projectDirPath = "";
			projectRoot = "";
			targets = (
				F3DEFCDC1A3E4EFD00762584 /* test cli */,
			);
		};
/* End PBXProject section */

/* Begin PBXSourcesBuildPhase section */
		F3DEFCD91A3E4EFD00762584 /* Sources */ = {
			isa = PBXSourcesBuildPhase;
			buildActionMask = 2147483647;
			files = (
				F3AA00381A41D1E6008DFCC1 /* PathKit.swift in Sources */,
				F3AA00371A41D1A8008DFCC1 /* StringExtensions.swift in Sources */,
				F3DEFCE11A3E4EFD00762584 /* main.swift in Sources */,
				F3AA00361A41D1A8008DFCC1 /* Option.swift in Sources */,
				F3AA00351A41D1A8008DFCC1 /* CommandLine.swift in Sources */,
			);
			runOnlyForDeploymentPostprocessing = 0;
		};
/* End PBXSourcesBuildPhase section */

/* Begin XCBuildConfiguration section */
		F3DEFCE21A3E4EFD00762584 /* Debug */ = {
			isa = XCBuildConfiguration;
			buildSettings = {
				ALWAYS_SEARCH_USER_PATHS = NO;
				CLANG_CXX_LANGUAGE_STANDARD = "gnu++0x";
				CLANG_CXX_LIBRARY = "libc++";
				CLANG_ENABLE_MODULES = YES;
				CLANG_ENABLE_OBJC_ARC = YES;
				CLANG_WARN_BOOL_CONVERSION = YES;
				CLANG_WARN_CONSTANT_CONVERSION = YES;
				CLANG_WARN_DIRECT_OBJC_ISA_USAGE = YES_ERROR;
				CLANG_WARN_EMPTY_BODY = YES;
				CLANG_WARN_ENUM_CONVERSION = YES;
				CLANG_WARN_INT_CONVERSION = YES;
				CLANG_WARN_OBJC_ROOT_CLASS = YES_ERROR;
				CLANG_WARN_UNREACHABLE_CODE = YES;
				CLANG_WARN__DUPLICATE_METHOD_MATCH = YES;
				COPY_PHASE_STRIP = NO;
				ENABLE_STRICT_OBJC_MSGSEND = YES;
				GCC_C_LANGUAGE_STANDARD = gnu99;
				GCC_DYNAMIC_NO_PIC = NO;
				GCC_OPTIMIZATION_LEVEL = 0;
				GCC_PREPROCESSOR_DEFINITIONS = (
					"DEBUG=1",
					"$(inherited)",
				);
				GCC_SYMBOLS_PRIVATE_EXTERN = NO;
				GCC_WARN_64_TO_32_BIT_CONVERSION = YES;
				GCC_WARN_ABOUT_RETURN_TYPE = YES_ERROR;
				GCC_WARN_UNDECLARED_SELECTOR = YES;
				GCC_WARN_UNINITIALIZED_AUTOS = YES_AGGRESSIVE;
				GCC_WARN_UNUSED_FUNCTION = YES;
				GCC_WARN_UNUSED_VARIABLE = YES;
				MACOSX_DEPLOYMENT_TARGET = 10.10;
				MTL_ENABLE_DEBUG_INFO = YES;
				ONLY_ACTIVE_ARCH = YES;
				SDKROOT = macosx;
				SWIFT_OPTIMIZATION_LEVEL = "-Onone";
			};
			name = Debug;
		};
		F3DEFCE31A3E4EFD00762584 /* Release */ = {
			isa = XCBuildConfiguration;
			buildSettings = {
				ALWAYS_SEARCH_USER_PATHS = NO;
				CLANG_CXX_LANGUAGE_STANDARD = "gnu++0x";
				CLANG_CXX_LIBRARY = "libc++";
				CLANG_ENABLE_MODULES = YES;
				CLANG_ENABLE_OBJC_ARC = YES;
				CLANG_WARN_BOOL_CONVERSION = YES;
				CLANG_WARN_CONSTANT_CONVERSION = YES;
				CLANG_WARN_DIRECT_OBJC_ISA_USAGE = YES_ERROR;
				CLANG_WARN_EMPTY_BODY = YES;
				CLANG_WARN_ENUM_CONVERSION = YES;
				CLANG_WARN_INT_CONVERSION = YES;
				CLANG_WARN_OBJC_ROOT_CLASS = YES_ERROR;
				CLANG_WARN_UNREACHABLE_CODE = YES;
				CLANG_WARN__DUPLICATE_METHOD_MATCH = YES;
				COPY_PHASE_STRIP = YES;
				DEBUG_INFORMATION_FORMAT = "dwarf-with-dsym";
				ENABLE_NS_ASSERTIONS = NO;
				ENABLE_STRICT_OBJC_MSGSEND = YES;
				GCC_C_LANGUAGE_STANDARD = gnu99;
				GCC_WARN_64_TO_32_BIT_CONVERSION = YES;
				GCC_WARN_ABOUT_RETURN_TYPE = YES_ERROR;
				GCC_WARN_UNDECLARED_SELECTOR = YES;
				GCC_WARN_UNINITIALIZED_AUTOS = YES_AGGRESSIVE;
				GCC_WARN_UNUSED_FUNCTION = YES;
				GCC_WARN_UNUSED_VARIABLE = YES;
				MACOSX_DEPLOYMENT_TARGET = 10.10;
				MTL_ENABLE_DEBUG_INFO = NO;
				SDKROOT = macosx;
			};
			name = Release;
		};
		F3DEFCE51A3E4EFD00762584 /* Debug */ = {
			isa = XCBuildConfiguration;
			buildSettings = {
				PRODUCT_NAME = "test-cli";
			};
			name = Debug;
		};
		F3DEFCE61A3E4EFD00762584 /* Release */ = {
			isa = XCBuildConfiguration;
			buildSettings = {
				PRODUCT_NAME = "test-cli";
			};
			name = Release;
		};
/* End XCBuildConfiguration section */

/* Begin XCConfigurationList section */
		F3DEFCD81A3E4EFD00762584 /* Build configuration list for PBXProject "test cli" */ = {
			isa = XCConfigurationList;
			buildConfigurations = (
				F3DEFCE21A3E4EFD00762584 /* Debug */,
				F3DEFCE31A3E4EFD00762584 /* Release */,
			);
			defaultConfigurationIsVisible = 0;
			defaultConfigurationName = Release;
		};
		F3DEFCE41A3E4EFD00762584 /* Build configuration list for PBXNativeTarget "test cli" */ = {
			isa = XCConfigurationList;
			buildConfigurations = (
				F3DEFCE51A3E4EFD00762584 /* Debug */,
				F3DEFCE61A3E4EFD00762584 /* Release */,
			);
			defaultConfigurationIsVisible = 0;
			defaultConfigurationName = Release;
		};
/* End XCConfigurationList section */
	};
	rootObject = F3DEFCD51A3E4EFD00762584 /* Project object */;
}
